// !$*UTF8*$!
{
	archiveVersion = 1;
	classes = {
	};
	objectVersion = 50;
	objects = {

/* Begin PBXBuildFile section */
		E21D165124DA8930003FFE18 /* AppDelegate.swift in Sources */ = {isa = PBXBuildFile; fileRef = E21D165024DA8930003FFE18 /* AppDelegate.swift */; };
		E21D165324DA8930003FFE18 /* SceneDelegate.swift in Sources */ = {isa = PBXBuildFile; fileRef = E21D165224DA8930003FFE18 /* SceneDelegate.swift */; };
		E21D165524DA8930003FFE18 /* VideoListView.swift in Sources */ = {isa = PBXBuildFile; fileRef = E21D165424DA8930003FFE18 /* VideoListView.swift */; };
		E21D165724DA8931003FFE18 /* Assets.xcassets in Resources */ = {isa = PBXBuildFile; fileRef = E21D165624DA8931003FFE18 /* Assets.xcassets */; };
		E21D165D24DA8931003FFE18 /* LaunchScreen.storyboard in Resources */ = {isa = PBXBuildFile; fileRef = E21D165B24DA8931003FFE18 /* LaunchScreen.storyboard */; };
		E21F5D03265A80FB005747AA /* VideoDetailView.swift in Sources */ = {isa = PBXBuildFile; fileRef = E21F5D02265A80FB005747AA /* VideoDetailView.swift */; };
		E267566F265A756700EF6B36 /* Video.swift in Sources */ = {isa = PBXBuildFile; fileRef = E267566E265A756700EF6B36 /* Video.swift */; };
		E2CD0464265B9ACB0042D81C /* VideoCell.swift in Sources */ = {isa = PBXBuildFile; fileRef = E2CD0463265B9ACB0042D81C /* VideoCell.swift */; };
/* End PBXBuildFile section */

/* Begin PBXCopyFilesBuildPhase section */
		E2B59E78257621D9007FC4B1 /* Embed App Extensions */ = {
			isa = PBXCopyFilesBuildPhase;
			buildActionMask = 2147483647;
			dstPath = "";
			dstSubfolderSpec = 13;
			files = (
			);
			name = "Embed App Extensions";
			runOnlyForDeploymentPostprocessing = 0;
		};
/* End PBXCopyFilesBuildPhase section */

/* Begin PBXFileReference section */
		E21D164D24DA8930003FFE18 /* SWIFT_UI.app */ = {isa = PBXFileReference; explicitFileType = wrapper.application; includeInIndex = 0; path = SWIFT_UI.app; sourceTree = BUILT_PRODUCTS_DIR; };
		E21D165024DA8930003FFE18 /* AppDelegate.swift */ = {isa = PBXFileReference; lastKnownFileType = sourcecode.swift; path = AppDelegate.swift; sourceTree = "<group>"; };
		E21D165224DA8930003FFE18 /* SceneDelegate.swift */ = {isa = PBXFileReference; lastKnownFileType = sourcecode.swift; path = SceneDelegate.swift; sourceTree = "<group>"; };
		E21D165424DA8930003FFE18 /* VideoListView.swift */ = {isa = PBXFileReference; lastKnownFileType = sourcecode.swift; path = VideoListView.swift; sourceTree = "<group>"; };
		E21D165624DA8931003FFE18 /* Assets.xcassets */ = {isa = PBXFileReference; lastKnownFileType = folder.assetcatalog; path = Assets.xcassets; sourceTree = "<group>"; };
		E21D165C24DA8931003FFE18 /* Base */ = {isa = PBXFileReference; lastKnownFileType = file.storyboard; name = Base; path = Base.lproj/LaunchScreen.storyboard; sourceTree = "<group>"; };
		E21D165E24DA8931003FFE18 /* Info.plist */ = {isa = PBXFileReference; lastKnownFileType = text.plist.xml; path = Info.plist; sourceTree = "<group>"; };
		E21F5D02265A80FB005747AA /* VideoDetailView.swift */ = {isa = PBXFileReference; lastKnownFileType = sourcecode.swift; path = VideoDetailView.swift; sourceTree = "<group>"; };
		E267566E265A756700EF6B36 /* Video.swift */ = {isa = PBXFileReference; fileEncoding = 4; lastKnownFileType = sourcecode.swift; path = Video.swift; sourceTree = "<group>"; };
		E2B59E6B257621D8007FC4B1 /* WidgetKit.framework */ = {isa = PBXFileReference; lastKnownFileType = wrapper.framework; name = WidgetKit.framework; path = System/Library/Frameworks/WidgetKit.framework; sourceTree = SDKROOT; };
		E2B59E6D257621D8007FC4B1 /* SwiftUI.framework */ = {isa = PBXFileReference; lastKnownFileType = wrapper.framework; name = SwiftUI.framework; path = System/Library/Frameworks/SwiftUI.framework; sourceTree = SDKROOT; };
		E2CD0463265B9ACB0042D81C /* VideoCell.swift */ = {isa = PBXFileReference; lastKnownFileType = sourcecode.swift; path = VideoCell.swift; sourceTree = "<group>"; };
/* End PBXFileReference section */

/* Begin PBXFrameworksBuildPhase section */
		E21D164A24DA8930003FFE18 /* Frameworks */ = {
			isa = PBXFrameworksBuildPhase;
			buildActionMask = 2147483647;
			files = (
			);
			runOnlyForDeploymentPostprocessing = 0;
		};
/* End PBXFrameworksBuildPhase section */

/* Begin PBXGroup section */
		E21D164424DA8930003FFE18 = {
			isa = PBXGroup;
			children = (
				E21D164F24DA8930003FFE18 /* SWIFT_UI */,
				E2B59E6A257621D8007FC4B1 /* Frameworks */,
				E21D164E24DA8930003FFE18 /* Products */,
			);
			sourceTree = "<group>";
		};
		E21D164E24DA8930003FFE18 /* Products */ = {
			isa = PBXGroup;
			children = (
				E21D164D24DA8930003FFE18 /* SWIFT_UI.app */,
			);
			name = Products;
			sourceTree = "<group>";
		};
		E21D164F24DA8930003FFE18 /* SWIFT_UI */ = {
			isa = PBXGroup;
			children = (
				E267566E265A756700EF6B36 /* Video.swift */,
				E2CD046B265B9BD30042D81C /* Resourses */,
				E2CD0466265B9B490042D81C /* Application */,
				E2CD0467265B9B640042D81C /* Screens */,
			);
			path = SWIFT_UI;
			sourceTree = "<group>";
		};
		E2B59E6A257621D8007FC4B1 /* Frameworks */ = {
			isa = PBXGroup;
			children = (
				E2B59E6B257621D8007FC4B1 /* WidgetKit.framework */,
				E2B59E6D257621D8007FC4B1 /* SwiftUI.framework */,
			);
			name = Frameworks;
			sourceTree = "<group>";
		};
		E2CD0466265B9B490042D81C /* Application */ = {
			isa = PBXGroup;
			children = (
				E21D165024DA8930003FFE18 /* AppDelegate.swift */,
				E21D165224DA8930003FFE18 /* SceneDelegate.swift */,
			);
			path = Application;
			sourceTree = "<group>";
		};
		E2CD0467265B9B640042D81C /* Screens */ = {
			isa = PBXGroup;
			children = (
				E2CD0468265B9B950042D81C /* VideoList */,
				E2CD0469265B9BA70042D81C /* VideoDetail */,
				E2CD0473265B9CA00042D81C /* Preview Content */,
			);
			path = Screens;
			sourceTree = "<group>";
		};
		E2CD0468265B9B950042D81C /* VideoList */ = {
			isa = PBXGroup;
			children = (
				E2CD046A265B9BBA0042D81C /* VideoCell */,
				E21D165424DA8930003FFE18 /* VideoListView.swift */,
			);
			path = VideoList;
			sourceTree = "<group>";
		};
		E2CD0469265B9BA70042D81C /* VideoDetail */ = {
			isa = PBXGroup;
			children = (
				E21F5D02265A80FB005747AA /* VideoDetailView.swift */,
			);
			path = VideoDetail;
			sourceTree = "<group>";
		};
		E2CD046A265B9BBA0042D81C /* VideoCell */ = {
			isa = PBXGroup;
			children = (
				E2CD0463265B9ACB0042D81C /* VideoCell.swift */,
			);
			path = VideoCell;
			sourceTree = "<group>";
		};
		E2CD046B265B9BD30042D81C /* Resourses */ = {
			isa = PBXGroup;
			children = (
				E21D165624DA8931003FFE18 /* Assets.xcassets */,
				E21D165B24DA8931003FFE18 /* LaunchScreen.storyboard */,
				E21D165E24DA8931003FFE18 /* Info.plist */,
			);
			path = Resourses;
			sourceTree = "<group>";
		};
		E2CD0473265B9CA00042D81C /* Preview Content */ = {
			isa = PBXGroup;
			children = (
			);
			path = "Preview Content";
			sourceTree = "<group>";
		};
/* End PBXGroup section */

/* Begin PBXNativeTarget section */
		E21D164C24DA8930003FFE18 /* SWIFT_UI */ = {
			isa = PBXNativeTarget;
			buildConfigurationList = E21D166124DA8931003FFE18 /* Build configuration list for PBXNativeTarget "SWIFT_UI" */;
			buildPhases = (
				E21D164924DA8930003FFE18 /* Sources */,
				E21D164A24DA8930003FFE18 /* Frameworks */,
				E21D164B24DA8930003FFE18 /* Resources */,
				E2B59E78257621D9007FC4B1 /* Embed App Extensions */,
			);
			buildRules = (
			);
			dependencies = (
			);
			name = SWIFT_UI;
			productName = SWIFT_UI;
			productReference = E21D164D24DA8930003FFE18 /* SWIFT_UI.app */;
			productType = "com.apple.product-type.application";
		};
/* End PBXNativeTarget section */

/* Begin PBXProject section */
		E21D164524DA8930003FFE18 /* Project object */ = {
			isa = PBXProject;
			attributes = {
				LastSwiftUpdateCheck = 1210;
				LastUpgradeCheck = 1210;
				ORGANIZATIONNAME = Macintosh;
				TargetAttributes = {
					E21D164C24DA8930003FFE18 = {
						CreatedOnToolsVersion = 11.5;
					};
				};
			};
			buildConfigurationList = E21D164824DA8930003FFE18 /* Build configuration list for PBXProject "SWIFT_UI" */;
			compatibilityVersion = "Xcode 9.3";
			developmentRegion = en;
			hasScannedForEncodings = 0;
			knownRegions = (
				en,
				Base,
			);
			mainGroup = E21D164424DA8930003FFE18;
			productRefGroup = E21D164E24DA8930003FFE18 /* Products */;
			projectDirPath = "";
			projectRoot = "";
			targets = (
				E21D164C24DA8930003FFE18 /* SWIFT_UI */,
			);
		};
/* End PBXProject section */

/* Begin PBXResourcesBuildPhase section */
		E21D164B24DA8930003FFE18 /* Resources */ = {
			isa = PBXResourcesBuildPhase;
			buildActionMask = 2147483647;
			files = (
				E21D165D24DA8931003FFE18 /* LaunchScreen.storyboard in Resources */,
				E21D165724DA8931003FFE18 /* Assets.xcassets in Resources */,
			);
			runOnlyForDeploymentPostprocessing = 0;
		};
/* End PBXResourcesBuildPhase section */

/* Begin PBXSourcesBuildPhase section */
		E21D164924DA8930003FFE18 /* Sources */ = {
			isa = PBXSourcesBuildPhase;
			buildActionMask = 2147483647;
			files = (
				E21D165124DA8930003FFE18 /* AppDelegate.swift in Sources */,
				E267566F265A756700EF6B36 /* Video.swift in Sources */,
				E21D165324DA8930003FFE18 /* SceneDelegate.swift in Sources */,
				E21D165524DA8930003FFE18 /* VideoListView.swift in Sources */,
				E21F5D03265A80FB005747AA /* VideoDetailView.swift in Sources */,
				E2CD0464265B9ACB0042D81C /* VideoCell.swift in Sources */,
			);
			runOnlyForDeploymentPostprocessing = 0;
		};
/* End PBXSourcesBuildPhase section */

/* Begin PBXVariantGroup section */
		E21D165B24DA8931003FFE18 /* LaunchScreen.storyboard */ = {
			isa = PBXVariantGroup;
			children = (
				E21D165C24DA8931003FFE18 /* Base */,
			);
			name = LaunchScreen.storyboard;
			sourceTree = "<group>";
		};
/* End PBXVariantGroup section */

/* Begin XCBuildConfiguration section */
		E21D165F24DA8931003FFE18 /* Debug */ = {
			isa = XCBuildConfiguration;
			buildSettings = {
				ALWAYS_SEARCH_USER_PATHS = NO;
				CLANG_ANALYZER_NONNULL = YES;
				CLANG_ANALYZER_NUMBER_OBJECT_CONVERSION = YES_AGGRESSIVE;
				CLANG_CXX_LANGUAGE_STANDARD = "gnu++14";
				CLANG_CXX_LIBRARY = "libc++";
				CLANG_ENABLE_MODULES = YES;
				CLANG_ENABLE_OBJC_ARC = YES;
				CLANG_ENABLE_OBJC_WEAK = YES;
				CLANG_WARN_BLOCK_CAPTURE_AUTORELEASING = YES;
				CLANG_WARN_BOOL_CONVERSION = YES;
				CLANG_WARN_COMMA = YES;
				CLANG_WARN_CONSTANT_CONVERSION = YES;
				CLANG_WARN_DEPRECATED_OBJC_IMPLEMENTATIONS = YES;
				CLANG_WARN_DIRECT_OBJC_ISA_USAGE = YES_ERROR;
				CLANG_WARN_DOCUMENTATION_COMMENTS = YES;
				CLANG_WARN_EMPTY_BODY = YES;
				CLANG_WARN_ENUM_CONVERSION = YES;
				CLANG_WARN_INFINITE_RECURSION = YES;
				CLANG_WARN_INT_CONVERSION = YES;
				CLANG_WARN_NON_LITERAL_NULL_CONVERSION = YES;
				CLANG_WARN_OBJC_IMPLICIT_RETAIN_SELF = YES;
				CLANG_WARN_OBJC_LITERAL_CONVERSION = YES;
				CLANG_WARN_OBJC_ROOT_CLASS = YES_ERROR;
				CLANG_WARN_QUOTED_INCLUDE_IN_FRAMEWORK_HEADER = YES;
				CLANG_WARN_RANGE_LOOP_ANALYSIS = YES;
				CLANG_WARN_STRICT_PROTOTYPES = YES;
				CLANG_WARN_SUSPICIOUS_MOVE = YES;
				CLANG_WARN_UNGUARDED_AVAILABILITY = YES_AGGRESSIVE;
				CLANG_WARN_UNREACHABLE_CODE = YES;
				CLANG_WARN__DUPLICATE_METHOD_MATCH = YES;
				COPY_PHASE_STRIP = NO;
				DEBUG_INFORMATION_FORMAT = dwarf;
				ENABLE_STRICT_OBJC_MSGSEND = YES;
				ENABLE_TESTABILITY = YES;
				GCC_C_LANGUAGE_STANDARD = gnu11;
				GCC_DYNAMIC_NO_PIC = NO;
				GCC_NO_COMMON_BLOCKS = YES;
				GCC_OPTIMIZATION_LEVEL = 0;
				GCC_PREPROCESSOR_DEFINITIONS = (
					"DEBUG=1",
					"$(inherited)",
				);
				GCC_WARN_64_TO_32_BIT_CONVERSION = YES;
				GCC_WARN_ABOUT_RETURN_TYPE = YES_ERROR;
				GCC_WARN_UNDECLARED_SELECTOR = YES;
				GCC_WARN_UNINITIALIZED_AUTOS = YES_AGGRESSIVE;
				GCC_WARN_UNUSED_FUNCTION = YES;
				GCC_WARN_UNUSED_VARIABLE = YES;
				IPHONEOS_DEPLOYMENT_TARGET = 14.0;
				MTL_ENABLE_DEBUG_INFO = INCLUDE_SOURCE;
				MTL_FAST_MATH = YES;
				ONLY_ACTIVE_ARCH = YES;
				SDKROOT = iphoneos;
				SWIFT_ACTIVE_COMPILATION_CONDITIONS = DEBUG;
				SWIFT_OPTIMIZATION_LEVEL = "-Onone";
			};
			name = Debug;
		};
		E21D166024DA8931003FFE18 /* Release */ = {
			isa = XCBuildConfiguration;
			buildSettings = {
				ALWAYS_SEARCH_USER_PATHS = NO;
				CLANG_ANALYZER_NONNULL = YES;
				CLANG_ANALYZER_NUMBER_OBJECT_CONVERSION = YES_AGGRESSIVE;
				CLANG_CXX_LANGUAGE_STANDARD = "gnu++14";
				CLANG_CXX_LIBRARY = "libc++";
				CLANG_ENABLE_MODULES = YES;
				CLANG_ENABLE_OBJC_ARC = YES;
				CLANG_ENABLE_OBJC_WEAK = YES;
				CLANG_WARN_BLOCK_CAPTURE_AUTORELEASING = YES;
				CLANG_WARN_BOOL_CONVERSION = YES;
				CLANG_WARN_COMMA = YES;
				CLANG_WARN_CONSTANT_CONVERSION = YES;
				CLANG_WARN_DEPRECATED_OBJC_IMPLEMENTATIONS = YES;
				CLANG_WARN_DIRECT_OBJC_ISA_USAGE = YES_ERROR;
				CLANG_WARN_DOCUMENTATION_COMMENTS = YES;
				CLANG_WARN_EMPTY_BODY = YES;
				CLANG_WARN_ENUM_CONVERSION = YES;
				CLANG_WARN_INFINITE_RECURSION = YES;
				CLANG_WARN_INT_CONVERSION = YES;
				CLANG_WARN_NON_LITERAL_NULL_CONVERSION = YES;
				CLANG_WARN_OBJC_IMPLICIT_RETAIN_SELF = YES;
				CLANG_WARN_OBJC_LITERAL_CONVERSION = YES;
				CLANG_WARN_OBJC_ROOT_CLASS = YES_ERROR;
				CLANG_WARN_QUOTED_INCLUDE_IN_FRAMEWORK_HEADER = YES;
				CLANG_WARN_RANGE_LOOP_ANALYSIS = YES;
				CLANG_WARN_STRICT_PROTOTYPES = YES;
				CLANG_WARN_SUSPICIOUS_MOVE = YES;
				CLANG_WARN_UNGUARDED_AVAILABILITY = YES_AGGRESSIVE;
				CLANG_WARN_UNREACHABLE_CODE = YES;
				CLANG_WARN__DUPLICATE_METHOD_MATCH = YES;
				COPY_PHASE_STRIP = NO;
				DEBUG_INFORMATION_FORMAT = "dwarf-with-dsym";
				ENABLE_NS_ASSERTIONS = NO;
				ENABLE_STRICT_OBJC_MSGSEND = YES;
				GCC_C_LANGUAGE_STANDARD = gnu11;
				GCC_NO_COMMON_BLOCKS = YES;
				GCC_WARN_64_TO_32_BIT_CONVERSION = YES;
				GCC_WARN_ABOUT_RETURN_TYPE = YES_ERROR;
				GCC_WARN_UNDECLARED_SELECTOR = YES;
				GCC_WARN_UNINITIALIZED_AUTOS = YES_AGGRESSIVE;
				GCC_WARN_UNUSED_FUNCTION = YES;
				GCC_WARN_UNUSED_VARIABLE = YES;
				IPHONEOS_DEPLOYMENT_TARGET = 14.0;
				MTL_ENABLE_DEBUG_INFO = NO;
				MTL_FAST_MATH = YES;
				SDKROOT = iphoneos;
				SWIFT_COMPILATION_MODE = wholemodule;
				SWIFT_OPTIMIZATION_LEVEL = "-O";
				VALIDATE_PRODUCT = YES;
			};
			name = Release;
		};
		E21D166224DA8931003FFE18 /* Debug */ = {
			isa = XCBuildConfiguration;
			buildSettings = {
				ALWAYS_EMBED_SWIFT_STANDARD_LIBRARIES = YES;
				ASSETCATALOG_COMPILER_APPICON_NAME = AppIcon;
				CODE_SIGN_ENTITLEMENTS = SWIFT_UI/SWIFT_UI.entitlements;
				CODE_SIGN_STYLE = Automatic;
				DEVELOPMENT_ASSET_PATHS = "\"SWIFT_UI/Screens/Preview Content\"";
				DEVELOPMENT_TEAM = FFYJJ79MSE;
				ENABLE_PREVIEWS = YES;
				INFOPLIST_FILE = SWIFT_UI/Resourses/Info.plist;
				IPHONEOS_DEPLOYMENT_TARGET = 14.0;
				LD_RUNPATH_SEARCH_PATHS = (
					"$(inherited)",
					"@executable_path/Frameworks",
				);
				PRODUCT_BUNDLE_IDENTIFIER = "sev-radioPro.SWIFT-UI";
				PRODUCT_NAME = "$(TARGET_NAME)";
				SWIFT_VERSION = 5.0;
				TARGETED_DEVICE_FAMILY = "1,2";
			};
			name = Debug;
		};
		E21D166324DA8931003FFE18 /* Release */ = {
			isa = XCBuildConfiguration;
			buildSettings = {
				ALWAYS_EMBED_SWIFT_STANDARD_LIBRARIES = YES;
				ASSETCATALOG_COMPILER_APPICON_NAME = AppIcon;
				CODE_SIGN_ENTITLEMENTS = SWIFT_UI/SWIFT_UI.entitlements;
				CODE_SIGN_STYLE = Automatic;
				DEVELOPMENT_ASSET_PATHS = "\"SWIFT_UI/Screens/Preview Content\"";
				DEVELOPMENT_TEAM = FFYJJ79MSE;
				ENABLE_PREVIEWS = YES;
				INFOPLIST_FILE = SWIFT_UI/Resourses/Info.plist;
				IPHONEOS_DEPLOYMENT_TARGET = 14.0;
				LD_RUNPATH_SEARCH_PATHS = (
					"$(inherited)",
					"@executable_path/Frameworks",
				);
				PRODUCT_BUNDLE_IDENTIFIER = "sev-radioPro.SWIFT-UI";
				PRODUCT_NAME = "$(TARGET_NAME)";
				SWIFT_VERSION = 5.0;
				TARGETED_DEVICE_FAMILY = "1,2";
			};
			name = Release;
		};
/* End XCBuildConfiguration section */

/* Begin XCConfigurationList section */
		E21D164824DA8930003FFE18 /* Build configuration list for PBXProject "SWIFT_UI" */ = {
			isa = XCConfigurationList;
			buildConfigurations = (
				E21D165F24DA8931003FFE18 /* Debug */,
				E21D166024DA8931003FFE18 /* Release */,
			);
			defaultConfigurationIsVisible = 0;
			defaultConfigurationName = Release;
		};
		E21D166124DA8931003FFE18 /* Build configuration list for PBXNativeTarget "SWIFT_UI" */ = {
			isa = XCConfigurationList;
			buildConfigurations = (
				E21D166224DA8931003FFE18 /* Debug */,
				E21D166324DA8931003FFE18 /* Release */,
			);
			defaultConfigurationIsVisible = 0;
			defaultConfigurationName = Release;
		};
/* End XCConfigurationList section */
	};
	rootObject = E21D164524DA8930003FFE18 /* Project object */;
}
